
Microsoft Visual Studio Solution File, Format Version 12.00
# Visual Studio Version 16
VisualStudioVersion = 16.0.31624.102
MinimumVisualStudioVersion = 10.0.40219.1
Project("{FAE04EC0-301F-11D3-BF4B-00C04F79EFBC}") = "election2", "election2.csproj", "{85460664-9BF1-42BC-B23C-B5BA26219B7A}"
EndProject
Global
	GlobalSection(SolutionConfigurationPlatforms) = preSolution
		Debug|Any CPU = Debug|Any CPU
		Release|Any CPU = Release|Any CPU
	EndGlobalSection
	GlobalSection(ProjectConfigurationPlatforms) = postSolution
		{85460664-9BF1-42BC-B23C-B5BA26219B7A}.Debug|Any CPU.ActiveCfg = Debug|Any CPU
		{85460664-9BF1-42BC-B23C-B5BA26219B7A}.Debug|Any CPU.Build.0 = Debug|Any CPU
		{85460664-9BF1-42BC-B23C-B5BA26219B7A}.Release|Any CPU.ActiveCfg = Release|Any CPU
		{85460664-9BF1-42BC-B23C-B5BA26219B7A}.Release|Any CPU.Build.0 = Release|Any CPU
	EndGlobalSection
	GlobalSection(SolutionProperties) = preSolution
		HideSolutionNode = FALSE
	EndGlobalSection
	GlobalSection(ExtensibilityGlobals) = postSolution
		SolutionGuid = {A54BBB4B-6DE5-4F4A-A954-3FC68F759E46}
	EndGlobalSection
EndGlobal
